
Microsoft Visual Studio Solution File, Format Version 12.00
# Visual Studio Version 17
VisualStudioVersion = 17.8.34408.163
MinimumVisualStudioVersion = 10.0.40219.1
Project("{FAE04EC0-301F-11D3-BF4B-00C04F79EFBC}") = "Week14OOP", "Week14OOP\Week14OOP.csproj", "{854E5634-D083-41D2-84DE-C5866B79CD06}"
EndProject
Global
	GlobalSection(SolutionConfigurationPlatforms) = preSolution
		Debug|Any CPU = Debug|Any CPU
		Release|Any CPU = Release|Any CPU
	EndGlobalSection
	GlobalSection(ProjectConfigurationPlatforms) = postSolution
		{854E5634-D083-41D2-84DE-C5866B79CD06}.Debug|Any CPU.ActiveCfg = Debug|Any CPU
		{854E5634-D083-41D2-84DE-C5866B79CD06}.Debug|Any CPU.Build.0 = Debug|Any CPU
		{854E5634-D083-41D2-84DE-C5866B79CD06}.Release|Any CPU.ActiveCfg = Release|Any CPU
		{854E5634-D083-41D2-84DE-C5866B79CD06}.Release|Any CPU.Build.0 = Release|Any CPU
	EndGlobalSection
	GlobalSection(SolutionProperties) = preSolution
		HideSolutionNode = FALSE
	EndGlobalSection
	GlobalSection(ExtensibilityGlobals) = postSolution
		SolutionGuid = {252E1E20-03DF-4144-9678-ED529A5A323B}
	EndGlobalSection
EndGlobal
